# THIS IS AN AUTOGENERATED FILE. DO NOT EDIT THIS FILE DIRECTLY.
# yarn lockfile v1


"@tinymce/tinymce-vue@^3.0.1":
  version "3.0.1"
  resolved "https://registry.yarnpkg.com/@tinymce/tinymce-vue/-/tinymce-vue-3.0.1.tgz#c606b5d6b0704a7fc1efdf96ef6080cdc23c88f3"

babel-helper-vue-jsx-merge-props@^2.0.3:
  version "2.0.3"
  resolved "https://registry.yarnpkg.com/babel-helper-vue-jsx-merge-props/-/babel-helper-vue-jsx-merge-props-2.0.3.tgz#22aebd3b33902328e513293a8e4992b384f9f1b6"

fault@^1.0.2:
  version "1.0.3"
  resolved "https://registry.yarnpkg.com/fault/-/fault-1.0.3.tgz#4da88cf979b6b792b4e13c7ec836767725170b7e"
  dependencies:
    format "^0.2.2"

format@^0.2.2:
  version "0.2.2"
  resolved "https://registry.yarnpkg.com/format/-/format-0.2.2.tgz#d6170107e9efdc4ed30c9dc39016df942b5cb58b"

gsap@^3.0.1:
  version "3.0.1"
  resolved "https://registry.yarnpkg.com/gsap/-/gsap-3.0.1.tgz#946b49e860487bd23e6c884b95152d556a5f86f1"

highlight.js@~9.16.0:
  version "9.16.2"
  resolved "https://registry.yarnpkg.com/highlight.js/-/highlight.js-9.16.2.tgz#68368d039ffe1c6211bcc07e483daf95de3e403e"

lowlight@^1.12.1:
  version "1.13.0"
  resolved "https://registry.yarnpkg.com/lowlight/-/lowlight-1.13.0.tgz#9b4fd00559985e40e11c916ccab14c7c0cf4320d"
  dependencies:
    fault "^1.0.2"
    highlight.js "~9.16.0"

marked@^0.3.6:
  version "0.3.19"
  resolved "https://registry.yarnpkg.com/marked/-/marked-0.3.19.tgz#5d47f709c4c9fc3c216b6d46127280f40b39d790"

orderedmap@^1.1.0:
  version "1.1.0"
  resolved "https://registry.yarnpkg.com/orderedmap/-/orderedmap-1.1.0.tgz#dc41a147130b51e203e8523ea5ea57724af2b63d"

prosemirror-collab@^1.1.2:
  version "1.2.2"
  resolved "https://registry.yarnpkg.com/prosemirror-collab/-/prosemirror-collab-1.2.2.tgz#8d2c0e82779cfef5d051154bd0836428bd6d9c4a"
  dependencies:
    prosemirror-state "^1.0.0"

prosemirror-commands@^1.0.8:
  version "1.1.2"
  resolved "https://registry.yarnpkg.com/prosemirror-commands/-/prosemirror-commands-1.1.2.tgz#6868cabc9f9112fba94c805139473527774b0dea"
  dependencies:
    prosemirror-model "^1.0.0"
    prosemirror-state "^1.0.0"
    prosemirror-transform "^1.0.0"

prosemirror-dropcursor@^1.2.0:
  version "1.3.2"
  resolved "https://registry.yarnpkg.com/prosemirror-dropcursor/-/prosemirror-dropcursor-1.3.2.tgz#28738c4ed7102e814d7a8a26d70018523fc7cd6d"
  dependencies:
    prosemirror-state "^1.0.0"
    prosemirror-transform "^1.1.0"
    prosemirror-view "^1.1.0"

prosemirror-gapcursor@^1.0.4:
  version "1.1.2"
  resolved "https://registry.yarnpkg.com/prosemirror-gapcursor/-/prosemirror-gapcursor-1.1.2.tgz#a1400a86a51d4cccc065e68d5625a9fb5bc623e0"
  dependencies:
    prosemirror-keymap "^1.0.0"
    prosemirror-model "^1.0.0"
    prosemirror-state "^1.0.0"
    prosemirror-view "^1.0.0"

prosemirror-history@^1.0.4:
  version "1.1.2"
  resolved "https://registry.yarnpkg.com/prosemirror-history/-/prosemirror-history-1.1.2.tgz#3e8f11efbd316e98322028be67549df1f94fc6da"
  dependencies:
    prosemirror-state "^1.2.2"
    prosemirror-transform "^1.0.0"
    rope-sequence "^1.3.0"

prosemirror-inputrules@^1.0.4:
  version "1.1.2"
  resolved "https://registry.yarnpkg.com/prosemirror-inputrules/-/prosemirror-inputrules-1.1.2.tgz#487e46c763e1212a4577397aba7706139084f012"
  dependencies:
    prosemirror-state "^1.0.0"
    prosemirror-transform "^1.0.0"

prosemirror-keymap@^1.0.0, prosemirror-keymap@^1.0.2:
  version "1.1.3"
  resolved "https://registry.yarnpkg.com/prosemirror-keymap/-/prosemirror-keymap-1.1.3.tgz#be22d6108df2521608e9216a87b1a810f0ed361e"
  dependencies:
    prosemirror-state "^1.0.0"
    w3c-keyname "^2.2.0"

prosemirror-model@^1.0.0, prosemirror-model@^1.1.0, prosemirror-model@^1.7.4:
  version "1.8.2"
  resolved "https://registry.yarnpkg.com/prosemirror-model/-/prosemirror-model-1.8.2.tgz#c74eaacb0bbfea49b59a6d89fef5516181666a56"
  dependencies:
    orderedmap "^1.1.0"

prosemirror-schema-list@^1.0.4:
  version "1.1.2"
  resolved "https://registry.yarnpkg.com/prosemirror-schema-list/-/prosemirror-schema-list-1.1.2.tgz#310809209094b03425da7f5c337105074913da6c"
  dependencies:
    prosemirror-model "^1.0.0"
    prosemirror-transform "^1.0.0"

prosemirror-state@^1.0.0, prosemirror-state@^1.2.2, prosemirror-state@^1.2.4:
  version "1.3.2"
  resolved "https://registry.yarnpkg.com/prosemirror-state/-/prosemirror-state-1.3.2.tgz#1b910b0dc01c1f00926bb9ba1589f7b7ac0d658b"
  dependencies:
    prosemirror-model "^1.0.0"
    prosemirror-transform "^1.0.0"

prosemirror-tables@^0.9.5:
  version "0.9.5"
  resolved "https://registry.yarnpkg.com/prosemirror-tables/-/prosemirror-tables-0.9.5.tgz#94d9881a46051e6fff3c51edffafa346da084def"
  dependencies:
    prosemirror-keymap "^1.0.0"
    prosemirror-model "^1.0.0"
    prosemirror-state "^1.0.0"
    prosemirror-transform "^1.0.0"
    prosemirror-view "^1.0.0"

prosemirror-transform@^1.0.0, prosemirror-transform@^1.1.0, prosemirror-transform@^1.1.5:
  version "1.2.2"
  resolved "https://registry.yarnpkg.com/prosemirror-transform/-/prosemirror-transform-1.2.2.tgz#4439ae7e88ea1395d9beed6a4cd852d72b16ed2f"
  dependencies:
    prosemirror-model "^1.0.0"

prosemirror-utils@^0.9.6:
  version "0.9.6"
  resolved "https://registry.yarnpkg.com/prosemirror-utils/-/prosemirror-utils-0.9.6.tgz#3d97bd85897e3b535555867dc95a51399116a973"

prosemirror-view@^1.0.0, prosemirror-view@^1.1.0, prosemirror-view@^1.11.7:
  version "1.13.4"
  resolved "https://registry.yarnpkg.com/prosemirror-view/-/prosemirror-view-1.13.4.tgz#01d873db7731e0aacc410a9038447d1b7536fd07"
  dependencies:
    prosemirror-model "^1.1.0"
    prosemirror-state "^1.0.0"
    prosemirror-transform "^1.1.0"

rope-sequence@^1.3.0:
  version "1.3.2"
  resolved "https://registry.yarnpkg.com/rope-sequence/-/rope-sequence-1.3.2.tgz#a19e02d72991ca71feb6b5f8a91154e48e3c098b"

tiptap-commands@^1.12.3:
  version "1.12.3"
  resolved "https://registry.yarnpkg.com/tiptap-commands/-/tiptap-commands-1.12.3.tgz#604767878073e6344d1daf7a376fd89fc62e4742"
  dependencies:
    prosemirror-commands "^1.0.8"
    prosemirror-inputrules "^1.0.4"
    prosemirror-model "^1.7.4"
    prosemirror-schema-list "^1.0.4"
    prosemirror-state "^1.2.4"
    prosemirror-tables "^0.9.5"
    prosemirror-utils "^0.9.6"
    tiptap-utils "^1.8.2"

tiptap-extensions@^1.28.4:
  version "1.28.4"
  resolved "https://registry.yarnpkg.com/tiptap-extensions/-/tiptap-extensions-1.28.4.tgz#0e729d081a80105730101512e7eb5acdce8b9bde"
  dependencies:
    lowlight "^1.12.1"
    prosemirror-collab "^1.1.2"
    prosemirror-history "^1.0.4"
    prosemirror-model "^1.7.4"
    prosemirror-state "^1.2.4"
    prosemirror-tables "^0.9.5"
    prosemirror-transform "^1.1.5"
    prosemirror-utils "^0.9.6"
    prosemirror-view "^1.11.7"
    tiptap "^1.26.4"
    tiptap-commands "^1.12.3"

tiptap-utils@^1.8.2:
  version "1.8.2"
  resolved "https://registry.yarnpkg.com/tiptap-utils/-/tiptap-utils-1.8.2.tgz#f07a2053c6ac9fbbb4f02e0844b326d0e6c8b7fb"
  dependencies:
    prosemirror-model "^1.7.4"
    prosemirror-state "^1.2.4"
    prosemirror-tables "^0.9.5"
    prosemirror-utils "^0.9.6"

tiptap@^1.26.4:
  version "1.26.4"
  resolved "https://registry.yarnpkg.com/tiptap/-/tiptap-1.26.4.tgz#bfa289841bc45c6401cbd1661a02b81c3d3f14f0"
  dependencies:
    prosemirror-commands "^1.0.8"
    prosemirror-dropcursor "^1.2.0"
    prosemirror-gapcursor "^1.0.4"
    prosemirror-inputrules "^1.0.4"
    prosemirror-keymap "^1.0.2"
    prosemirror-model "^1.7.4"
    prosemirror-state "^1.2.4"
    prosemirror-view "^1.11.7"
    tiptap-commands "^1.12.3"
    tiptap-utils "^1.8.2"

tributejs@^4.1.1:
  version "4.1.1"
  resolved "https://registry.yarnpkg.com/tributejs/-/tributejs-4.1.1.tgz#f169a4ad12e485241140ec1ab987b460950c974c"

trumbowyg@^2.20.0:
  version "2.20.0"
  resolved "https://registry.yarnpkg.com/trumbowyg/-/trumbowyg-2.20.0.tgz#4418fc42d628d4763553e9bc97e4efd880113daf"

twemoji@^2.4.1:
  version "2.5.1"
  resolved "https://registry.yarnpkg.com/twemoji/-/twemoji-2.5.1.tgz#296647c6163c7f047458871c2aebe25ea8ffe834"

vue-content-loader@^0.2.2:
  version "0.2.2"
  resolved "https://registry.yarnpkg.com/vue-content-loader/-/vue-content-loader-0.2.2.tgz#c093b656edac3f2a2e3215eaa198ba1852ad6b7b"
  dependencies:
    babel-helper-vue-jsx-merge-props "^2.0.3"

vue-router@^3.1.3:
  version "3.1.3"
  resolved "https://registry.yarnpkg.com/vue-router/-/vue-router-3.1.3.tgz#e6b14fabc0c0ee9fda0e2cbbda74b350e28e412b"

vue-tribute@^1.0.3:
  version "1.0.3"
  resolved "https://registry.yarnpkg.com/vue-tribute/-/vue-tribute-1.0.3.tgz#dac3e4fc9f0534c468c06b6da5007e5a184e63b7"

vue@>=2.0.5, vue@^2.6.10:
  version "2.6.10"
  resolved "https://registry.yarnpkg.com/vue/-/vue-2.6.10.tgz#a72b1a42a4d82a721ea438d1b6bf55e66195c637"

vueditor@^0.3.1:
  version "0.3.1"
  resolved "https://registry.yarnpkg.com/vueditor/-/vueditor-0.3.1.tgz#e07b4a9b57884bc05fe17a58dc1b9304ddb70388"
  dependencies:
    marked "^0.3.6"
    twemoji "^2.4.1"
    vue ">=2.0.5"
    vuex ">=2.0.0"

vuex@>=2.0.0, vuex@^3.1.2:
  version "3.1.2"
  resolved "https://registry.yarnpkg.com/vuex/-/vuex-3.1.2.tgz#a2863f4005aa73f2587e55c3fadf3f01f69c7d4d"

w3c-keyname@^2.2.0:
  version "2.2.1"
  resolved "https://registry.yarnpkg.com/w3c-keyname/-/w3c-keyname-2.2.1.tgz#c4fe1a4b9e303c95e833b3d854b7d81070400db9"
